
Microsoft Visual Studio Solution File, Format Version 12.00
# Visual Studio Version 16
VisualStudioVersion = 16.0.30011.22
MinimumVisualStudioVersion = 10.0.40219.1
Project("{FAE04EC0-301F-11D3-BF4B-00C04F79EFBC}") = "CourseManager", "CourseManager\CourseManager.csproj", "{8ACC7165-8A33-4E85-9035-2C5A07E26E30}"
EndProject
Global
	GlobalSection(SolutionConfigurationPlatforms) = preSolution
		Debug|Any CPU = Debug|Any CPU
		Release|Any CPU = Release|Any CPU
	EndGlobalSection
	GlobalSection(ProjectConfigurationPlatforms) = postSolution
		{8ACC7165-8A33-4E85-9035-2C5A07E26E30}.Debug|Any CPU.ActiveCfg = Debug|Any CPU
		{8ACC7165-8A33-4E85-9035-2C5A07E26E30}.Debug|Any CPU.Build.0 = Debug|Any CPU
		{8ACC7165-8A33-4E85-9035-2C5A07E26E30}.Release|Any CPU.ActiveCfg = Release|Any CPU
		{8ACC7165-8A33-4E85-9035-2C5A07E26E30}.Release|Any CPU.Build.0 = Release|Any CPU
	EndGlobalSection
	GlobalSection(SolutionProperties) = preSolution
		HideSolutionNode = FALSE
	EndGlobalSection
	GlobalSection(ExtensibilityGlobals) = postSolution
		SolutionGuid = {38050DD6-FB89-4124-8361-88F5045A8A3C}
	EndGlobalSection
EndGlobal
